version = 1
revision = 3
requires-python = ">=3.11"

[[package]]
name = "numpy"
version = "2.4.3"
source = { registry = "https://pypi.org/simple" }
sdist = { url = "https://files.pythonhosted.org/packages/10/8b/c265f4823726ab832de836cdd184d0986dcf94480f81e8739692a7ac7af2/numpy-2.4.3.tar.gz", hash = "sha256:483a201202b73495f00dbc83796c6ae63137a9bdade074f7648b3e32613412dd", size = 20727743, upload-time = "2026-03-09T07:58:53.426Z" }
wheels = [
    { url = "https://files.pythonhosted.org/packages/f9/51/5093a2df15c4dc19da3f79d1021e891f5dcf1d9d1db6ba38891d5590f3fe/numpy-2.4.3-cp311-cp311-macosx_10_9_x86_64.whl", hash = "sha256:33b3bf58ee84b172c067f56aeadc7ee9ab6de69c5e800ab5b10295d54c581adb", size = 16957183, upload-time = "2026-03-09T07:55:57.774Z" },
    { url = "https://files.pythonhosted.org/packages/b5/7c/c061f3de0630941073d2598dc271ac2f6cbcf5c83c74a5870fea07488333/numpy-2.4.3-cp311-cp311-macosx_11_0_arm64.whl", hash = "sha256:8ba7b51e71c05aa1f9bc3641463cd82308eab40ce0d5c7e1fd4038cbf9938147", size = 14968734, upload-time = "2026-03-09T07:56:00.494Z" },
    { url = "https://files.pythonhosted.org/packages/ef/27/d26c85cbcd86b26e4f125b0668e7a7c0542d19dd7d23ee12e87b550e95b5/numpy-2.4.3-cp311-cp311-macosx_14_0_arm64.whl", hash = "sha256:a1988292870c7cb9d0ebb4cc96b4d447513a9644801de54606dc7aabf2b7d920", size = 5475288, upload-time = "2026-03-09T07:56:02.857Z" },
    { url = "https://files.pythonhosted.org/packages/2b/09/3c4abbc1dcd8010bf1a611d174c7aa689fc505585ec806111b4406f6f1b1/numpy-2.4.3-cp311-cp311-macosx_14_0_x86_64.whl", hash = "sha256:23b46bb6d8ecb68b58c09944483c135ae5f0e9b8d8858ece5e4ead783771d2a9", size = 6805253, upload-time = "2026-03-09T07:56:04.53Z" },
    { url = "https://files.pythonhosted.org/packages/21/bc/e7aa3f6817e40c3f517d407742337cbb8e6fc4b83ce0b55ab780c829243b/numpy-2.4.3-cp311-cp311-manylinux_2_27_aarch64.manylinux_2_28_aarch64.whl", hash = "sha256:a016db5c5dba78fa8fe9f5d80d6708f9c42ab087a739803c0ac83a43d686a470", size = 15969479, upload-time = "2026-03-09T07:56:06.638Z" },
    { url = "https://files.pythonhosted.org/packages/78/51/9f5d7a41f0b51649ddf2f2320595e15e122a40610b233d51928dd6c92353/numpy-2.4.3-cp311-cp311-manylinux_2_27_x86_64.manylinux_2_28_x86_64.whl", hash = "sha256:715de7f82e192e8cae5a507a347d97ad17598f8e026152ca97233e3666daaa71", size = 16901035, upload-time = "2026-03-09T07:56:09.405Z" },
    { url = "https://files.pythonhosted.org/packages/64/6e/b221dd847d7181bc5ee4857bfb026182ef69499f9305eb1371cbb1aea626/numpy-2.4.3-cp311-cp311-musllinux_1_2_aarch64.whl", hash = "sha256:2ddb7919366ee468342b91dea2352824c25b55814a987847b6c52003a7c97f15", size = 17325657, upload-time = "2026-03-09T07:56:12.067Z" },
    { url = "https://files.pythonhosted.org/packages/eb/b8/8f3fd2da596e1063964b758b5e3c970aed1949a05200d7e3d46a9d46d643/numpy-2.4.3-cp311-cp311-musllinux_1_2_x86_64.whl", hash = "sha256:a315e5234d88067f2d97e1f2ef670a7569df445d55400f1e33d117418d008d52", size = 18635512, upload-time = "2026-03-09T07:56:14.629Z" },
    { url = "https://files.pythonhosted.org/packages/5c/24/2993b775c37e39d2f8ab4125b44337ab0b2ba106c100980b7c274a22bee7/numpy-2.4.3-cp311-cp311-win32.whl", hash = "sha256:2b3f8d2c4589b1a2028d2a770b0fc4d1f332fb5e01521f4de3199a896d158ddd", size = 6238100, upload-time = "2026-03-09T07:56:17.243Z" },
    { url = "https://files.pythonhosted.org/packages/76/1d/edccf27adedb754db7c4511d5eac8b83f004ae948fe2d3509e8b78097d4c/numpy-2.4.3-cp311-cp311-win_amd64.whl", hash = "sha256:77e76d932c49a75617c6d13464e41203cd410956614d0a0e999b25e9e8d27eec", size = 12609816, upload-time = "2026-03-09T07:56:19.089Z" },
    { url = "https://files.pythonhosted.org/packages/92/82/190b99153480076c8dce85f4cfe7d53ea84444145ffa54cb58dcd460d66b/numpy-2.4.3-cp311-cp311-win_arm64.whl", hash = "sha256:eb610595dd91560905c132c709412b512135a60f1851ccbd2c959e136431ff67", size = 10485757, upload-time = "2026-03-09T07:56:21.753Z" },
    { url = "https://files.pythonhosted.org/packages/a9/ed/6388632536f9788cea23a3a1b629f25b43eaacd7d7377e5d6bc7b9deb69b/numpy-2.4.3-cp312-cp312-macosx_10_13_x86_64.whl", hash = "sha256:61b0cbabbb6126c8df63b9a3a0c4b1f44ebca5e12ff6997b80fcf267fb3150ef", size = 16669628, upload-time = "2026-03-09T07:56:24.252Z" },
    { url = "https://files.pythonhosted.org/packages/74/1b/ee2abfc68e1ce728b2958b6ba831d65c62e1b13ce3017c13943f8f9b5b2e/numpy-2.4.3-cp312-cp312-macosx_11_0_arm64.whl", hash = "sha256:7395e69ff32526710748f92cd8c9849b361830968ea3e24a676f272653e8983e", size = 14696872, upload-time = "2026-03-09T07:56:26.991Z" },
    { url = "https://files.pythonhosted.org/packages/ba/d1/780400e915ff5638166f11ca9dc2c5815189f3d7cf6f8759a1685e586413/numpy-2.4.3-cp312-cp312-macosx_14_0_arm64.whl", hash = "sha256:abdce0f71dcb4a00e4e77f3faf05e4616ceccfe72ccaa07f47ee79cda3b7b0f4", size = 5203489, upload-time = "2026-03-09T07:56:29.414Z" },
    { url = "https://files.pythonhosted.org/packages/0b/bb/baffa907e9da4cc34a6e556d6d90e032f6d7a75ea47968ea92b4858826c4/numpy-2.4.3-cp312-cp312-macosx_14_0_x86_64.whl", hash = "sha256:48da3a4ee1336454b07497ff7ec83903efa5505792c4e6d9bf83d99dc07a1e18", size = 6550814, upload-time = "2026-03-09T07:56:32.225Z" },
    { url = "https://files.pythonhosted.org/packages/7b/12/8c9f0c6c95f76aeb20fc4a699c33e9f827fa0d0f857747c73bb7b17af945/numpy-2.4.3-cp312-cp312-manylinux_2_27_aarch64.manylinux_2_28_aarch64.whl", hash = "sha256:32e3bef222ad6b052280311d1d60db8e259e4947052c3ae7dd6817451fc8a4c5", size = 15666601, upload-time = "2026-03-09T07:56:34.461Z" },
    { url = "https://files.pythonhosted.org/packages/bd/79/cc665495e4d57d0aa6fbcc0aa57aa82671dfc78fbf95fe733ed86d98f52a/numpy-2.4.3-cp312-cp312-manylinux_2_27_x86_64.manylinux_2_28_x86_64.whl", hash = "sha256:e7dd01a46700b1967487141a66ac1a3cf0dd8ebf1f08db37d46389401512ca97", size = 16621358, upload-time = "2026-03-09T07:56:36.852Z" },
    { url = "https://files.pythonhosted.org/packages/a8/40/b4ecb7224af1065c3539f5ecfff879d090de09608ad1008f02c05c770cb3/numpy-2.4.3-cp312-cp312-musllinux_1_2_aarch64.whl", hash = "sha256:76f0f283506c28b12bba319c0fab98217e9f9b54e6160e9c79e9f7348ba32e9c", size = 17016135, upload-time = "2026-03-09T07:56:39.337Z" },
    { url = "https://files.pythonhosted.org/packages/f7/b1/6a88e888052eed951afed7a142dcdf3b149a030ca59b4c71eef085858e43/numpy-2.4.3-cp312-cp312-musllinux_1_2_x86_64.whl", hash = "sha256:737f630a337364665aba3b5a77e56a68cc42d350edd010c345d65a3efa3addcc", size = 18345816, upload-time = "2026-03-09T07:56:42.31Z" },
    { url = "https://files.pythonhosted.org/packages/f3/8f/103a60c5f8c3d7fc678c19cd7b2476110da689ccb80bc18050efbaeae183/numpy-2.4.3-cp312-cp312-win32.whl", hash = "sha256:26952e18d82a1dbbc2f008d402021baa8d6fc8e84347a2072a25e08b46d698b9", size = 5960132, upload-time = "2026-03-09T07:56:44.851Z" },
    { url = "https://files.pythonhosted.org/packages/d7/7c/f5ee1bf6ed888494978046a809df2882aad35d414b622893322df7286879/numpy-2.4.3-cp312-cp312-win_amd64.whl", hash = "sha256:65f3c2455188f09678355f5cae1f959a06b778bc66d535da07bf2ef20cd319d5", size = 12316144, upload-time = "2026-03-09T07:56:47.057Z" },
    { url = "https://files.pythonhosted.org/packages/71/46/8d1cb3f7a00f2fb6394140e7e6623696e54c6318a9d9691bb4904672cf42/numpy-2.4.3-cp312-cp312-win_arm64.whl", hash = "sha256:2abad5c7fef172b3377502bde47892439bae394a71bc329f31df0fd829b41a9e", size = 10220364, upload-time = "2026-03-09T07:56:49.849Z" },
    { url = "https://files.pythonhosted.org/packages/b6/d0/1fe47a98ce0df229238b77611340aff92d52691bcbc10583303181abf7fc/numpy-2.4.3-cp313-cp313-macosx_10_13_x86_64.whl", hash = "sha256:b346845443716c8e542d54112966383b448f4a3ba5c66409771b8c0889485dd3", size = 16665297, upload-time = "2026-03-09T07:56:52.296Z" },
    { url = "https://files.pythonhosted.org/packages/27/d9/4e7c3f0e68dfa91f21c6fb6cf839bc829ec920688b1ce7ec722b1a6202fb/numpy-2.4.3-cp313-cp313-macosx_11_0_arm64.whl", hash = "sha256:2629289168f4897a3c4e23dc98d6f1731f0fc0fe52fb9db19f974041e4cc12b9", size = 14691853, upload-time = "2026-03-09T07:56:54.992Z" },
    { url = "https://files.pythonhosted.org/packages/3a/66/bd096b13a87549683812b53ab211e6d413497f84e794fb3c39191948da97/numpy-2.4.3-cp313-cp313-macosx_14_0_arm64.whl", hash = "sha256:bb2e3cf95854233799013779216c57e153c1ee67a0bf92138acca0e429aefaee", size = 5198435, upload-time = "2026-03-09T07:56:57.184Z" },
    { url = "https://files.pythonhosted.org/packages/a2/2f/687722910b5a5601de2135c891108f51dfc873d8e43c8ed9f4ebb440b4a2/numpy-2.4.3-cp313-cp313-macosx_14_0_x86_64.whl", hash = "sha256:7f3408ff897f8ab07a07fbe2823d7aee6ff644c097cc1f90382511fe982f647f", size = 6546347, upload-time = "2026-03-09T07:56:59.531Z" },
    { url = "https://files.pythonhosted.org/packages/bf/ec/7971c4e98d86c564750393fab8d7d83d0a9432a9d78bb8a163a6dc59967a/numpy-2.4.3-cp313-cp313-manylinux_2_27_aarch64.manylinux_2_28_aarch64.whl", hash = "sha256:decb0eb8a53c3b009b0962378065589685d66b23467ef5dac16cbe818afde27f", size = 15664626, upload-time = "2026-03-09T07:57:01.385Z" },
    { url = "https://files.pythonhosted.org/packages/7e/eb/7daecbea84ec935b7fc732e18f532073064a3816f0932a40a17f3349185f/numpy-2.4.3-cp313-cp313-manylinux_2_27_x86_64.manylinux_2_28_x86_64.whl", hash = "sha256:d5f51900414fc9204a0e0da158ba2ac52b75656e7dce7e77fb9f84bfa343b4cc", size = 16608916, upload-time = "2026-03-09T07:57:04.008Z" },
    { url = "https://files.pythonhosted.org/packages/df/58/2a2b4a817ffd7472dca4421d9f0776898b364154e30c95f42195041dc03b/numpy-2.4.3-cp313-cp313-musllinux_1_2_aarch64.whl", hash = "sha256:6bd06731541f89cdc01b261ba2c9e037f1543df7472517836b78dfb15bd6e476", size = 17015824, upload-time = "2026-03-09T07:57:06.347Z" },
    { url = "https://files.pythonhosted.org/packages/4a/ca/627a828d44e78a418c55f82dd4caea8ea4a8ef24e5144d9e71016e52fb40/numpy-2.4.3-cp313-cp313-musllinux_1_2_x86_64.whl", hash = "sha256:22654fe6be0e5206f553a9250762c653d3698e46686eee53b399ab90da59bd92", size = 18334581, upload-time = "2026-03-09T07:57:09.114Z" },
    { url = "https://files.pythonhosted.org/packages/cd/c0/76f93962fc79955fcba30a429b62304332345f22d4daec1cb33653425643/numpy-2.4.3-cp313-cp313-win32.whl", hash = "sha256:d71e379452a2f670ccb689ec801b1218cd3983e253105d6e83780967e899d687", size = 5958618, upload-time = "2026-03-09T07:57:11.432Z" },
    { url = "https://files.pythonhosted.org/packages/b1/3c/88af0040119209b9b5cb59485fa48b76f372c73068dbf9254784b975ac53/numpy-2.4.3-cp313-cp313-win_amd64.whl", hash = "sha256:0a60e17a14d640f49146cb38e3f105f571318db7826d9b6fef7e4dce758faecd", size = 12312824, upload-time = "2026-03-09T07:57:13.586Z" },
    { url = "https://files.pythonhosted.org/packages/58/ce/3d07743aced3d173f877c3ef6a454c2174ba42b584ab0b7e6d99374f51ed/numpy-2.4.3-cp313-cp313-win_arm64.whl", hash = "sha256:c9619741e9da2059cd9c3f206110b97583c7152c1dc9f8aafd4beb450ac1c89d", size = 10221218, upload-time = "2026-03-09T07:57:16.183Z" },
    { url = "https://files.pythonhosted.org/packages/62/09/d96b02a91d09e9d97862f4fc8bfebf5400f567d8eb1fe4b0cc4795679c15/numpy-2.4.3-cp313-cp313t-macosx_11_0_arm64.whl", hash = "sha256:7aa4e54f6469300ebca1d9eb80acd5253cdfa36f2c03d79a35883687da430875", size = 14819570, upload-time = "2026-03-09T07:57:18.564Z" },
    { url = "https://files.pythonhosted.org/packages/b5/ca/0b1aba3905fdfa3373d523b2b15b19029f4f3031c87f4066bd9d20ef6c6b/numpy-2.4.3-cp313-cp313t-macosx_14_0_arm64.whl", hash = "sha256:d1b90d840b25874cf5cd20c219af10bac3667db3876d9a495609273ebe679070", size = 5326113, upload-time = "2026-03-09T07:57:21.052Z" },
    { url = "https://files.pythonhosted.org/packages/c0/63/406e0fd32fcaeb94180fd6a4c41e55736d676c54346b7efbce548b94a914/numpy-2.4.3-cp313-cp313t-macosx_14_0_x86_64.whl", hash = "sha256:a749547700de0a20a6718293396ec237bb38218049cfce788e08fcb716e8cf73", size = 6646370, upload-time = "2026-03-09T07:57:22.804Z" },
    { url = "https://files.pythonhosted.org/packages/b6/d0/10f7dc157d4b37af92720a196be6f54f889e90dcd30dce9dc657ed92c257/numpy-2.4.3-cp313-cp313t-manylinux_2_27_aarch64.manylinux_2_28_aarch64.whl", hash = "sha256:94f3c4a151a2e529adf49c1d54f0f57ff8f9b233ee4d44af623a81553ab86368", size = 15723499, upload-time = "2026-03-09T07:57:24.693Z" },
    { url = "https://files.pythonhosted.org/packages/66/f1/d1c2bf1161396629701bc284d958dc1efa3a5a542aab83cf11ee6eb4cba5/numpy-2.4.3-cp313-cp313t-manylinux_2_27_x86_64.manylinux_2_28_x86_64.whl", hash = "sha256:22c31dc07025123aedf7f2db9e91783df13f1776dc52c6b22c620870dc0fab22", size = 16657164, upload-time = "2026-03-09T07:57:27.676Z" },
    { url = "https://files.pythonhosted.org/packages/1a/be/cca19230b740af199ac47331a21c71e7a3d0ba59661350483c1600d28c37/numpy-2.4.3-cp313-cp313t-musllinux_1_2_aarch64.whl", hash = "sha256:148d59127ac95979d6f07e4d460f934ebdd6eed641db9c0db6c73026f2b2101a", size = 17081544, upload-time = "2026-03-09T07:57:30.664Z" },
    { url = "https://files.pythonhosted.org/packages/b9/c5/9602b0cbb703a0936fb40f8a95407e8171935b15846de2f0776e08af04c7/numpy-2.4.3-cp313-cp313t-musllinux_1_2_x86_64.whl", hash = "sha256:a97cbf7e905c435865c2d939af3d93f99d18eaaa3cabe4256f4304fb51604349", size = 18380290, upload-time = "2026-03-09T07:57:33.763Z" },
    { url = "https://files.pythonhosted.org/packages/ed/81/9f24708953cd30be9ee36ec4778f4b112b45165812f2ada4cc5ea1c1f254/numpy-2.4.3-cp313-cp313t-win32.whl", hash = "sha256:be3b8487d725a77acccc9924f65fd8bce9af7fac8c9820df1049424a2115af6c", size = 6082814, upload-time = "2026-03-09T07:57:36.491Z" },
    { url = "https://files.pythonhosted.org/packages/e2/9e/52f6eaa13e1a799f0ab79066c17f7016a4a8ae0c1aefa58c82b4dab690b4/numpy-2.4.3-cp313-cp313t-win_amd64.whl", hash = "sha256:1ec84fd7c8e652b0f4aaaf2e6e9cc8eaa9b1b80a537e06b2e3a2fb176eedcb26", size = 12452673, upload-time = "2026-03-09T07:57:38.281Z" },
    { url = "https://files.pythonhosted.org/packages/c4/04/b8cece6ead0b30c9fbd99bb835ad7ea0112ac5f39f069788c5558e3b1ab2/numpy-2.4.3-cp313-cp313t-win_arm64.whl", hash = "sha256:120df8c0a81ebbf5b9020c91439fccd85f5e018a927a39f624845be194a2be02", size = 10290907, upload-time = "2026-03-09T07:57:40.747Z" },
    { url = "https://files.pythonhosted.org/packages/70/ae/3936f79adebf8caf81bd7a599b90a561334a658be4dcc7b6329ebf4ee8de/numpy-2.4.3-cp314-cp314-macosx_10_15_x86_64.whl", hash = "sha256:5884ce5c7acfae1e4e1b6fde43797d10aa506074d25b531b4f54bde33c0c31d4", size = 16664563, upload-time = "2026-03-09T07:57:43.817Z" },
    { url = "https://files.pythonhosted.org/packages/9b/62/760f2b55866b496bb1fa7da2a6db076bef908110e568b02fcfc1422e2a3a/numpy-2.4.3-cp314-cp314-macosx_11_0_arm64.whl", hash = "sha256:297837823f5bc572c5f9379b0c9f3a3365f08492cbdc33bcc3af174372ebb168", size = 14702161, upload-time = "2026-03-09T07:57:46.169Z" },
    { url = "https://files.pythonhosted.org/packages/32/af/a7a39464e2c0a21526fb4fb76e346fb172ebc92f6d1c7a07c2c139cc17b1/numpy-2.4.3-cp314-cp314-macosx_14_0_arm64.whl", hash = "sha256:a111698b4a3f8dcbe54c64a7708f049355abd603e619013c346553c1fd4ca90b", size = 5208738, upload-time = "2026-03-09T07:57:48.506Z" },
    { url = "https://files.pythonhosted.org/packages/29/8c/2a0cf86a59558fa078d83805589c2de490f29ed4fb336c14313a161d358a/numpy-2.4.3-cp314-cp314-macosx_14_0_x86_64.whl", hash = "sha256:4bd4741a6a676770e0e97fe9ab2e51de01183df3dcbcec591d26d331a40de950", size = 6543618, upload-time = "2026-03-09T07:57:50.591Z" },
    { url = "https://files.pythonhosted.org/packages/aa/b8/612ce010c0728b1c363fa4ea3aa4c22fe1c5da1de008486f8c2f5cb92fae/numpy-2.4.3-cp314-cp314-manylinux_2_27_aarch64.manylinux_2_28_aarch64.whl", hash = "sha256:54f29b877279d51e210e0c80709ee14ccbbad647810e8f3d375561c45ef613dd", size = 15680676, upload-time = "2026-03-09T07:57:52.34Z" },
    { url = "https://files.pythonhosted.org/packages/a9/7e/4f120ecc54ba26ddf3dc348eeb9eb063f421de65c05fc961941798feea18/numpy-2.4.3-cp314-cp314-manylinux_2_27_x86_64.manylinux_2_28_x86_64.whl", hash = "sha256:679f2a834bae9020f81534671c56fd0cc76dd7e5182f57131478e23d0dc59e24", size = 16613492, upload-time = "2026-03-09T07:57:54.91Z" },
    { url = "https://files.pythonhosted.org/packages/2c/86/1b6020db73be330c4b45d5c6ee4295d59cfeef0e3ea323959d053e5a6909/numpy-2.4.3-cp314-cp314-musllinux_1_2_aarch64.whl", hash = "sha256:d84f0f881cb2225c2dfd7f78a10a5645d487a496c6668d6cc39f0f114164f3d0", size = 17031789, upload-time = "2026-03-09T07:57:57.641Z" },
    { url = "https://files.pythonhosted.org/packages/07/3a/3b90463bf41ebc21d1b7e06079f03070334374208c0f9a1f05e4ae8455e7/numpy-2.4.3-cp314-cp314-musllinux_1_2_x86_64.whl", hash = "sha256:d213c7e6e8d211888cc359bab7199670a00f5b82c0978b9d1c75baf1eddbeac0", size = 18339941, upload-time = "2026-03-09T07:58:00.577Z" },
    { url = "https://files.pythonhosted.org/packages/a8/74/6d736c4cd962259fd8bae9be27363eb4883a2f9069763747347544c2a487/numpy-2.4.3-cp314-cp314-win32.whl", hash = "sha256:52077feedeff7c76ed7c9f1a0428558e50825347b7545bbb8523da2cd55c547a", size = 6007503, upload-time = "2026-03-09T07:58:03.331Z" },
    { url = "https://files.pythonhosted.org/packages/48/39/c56ef87af669364356bb011922ef0734fc49dad51964568634c72a009488/numpy-2.4.3-cp314-cp314-win_amd64.whl", hash = "sha256:0448e7f9caefb34b4b7dd2b77f21e8906e5d6f0365ad525f9f4f530b13df2afc", size = 12444915, upload-time = "2026-03-09T07:58:06.353Z" },
    { url = "https://files.pythonhosted.org/packages/9d/1f/ab8528e38d295fd349310807496fabb7cf9fe2e1f70b97bc20a483ea9d4a/numpy-2.4.3-cp314-cp314-win_arm64.whl", hash = "sha256:b44fd60341c4d9783039598efadd03617fa28d041fc37d22b62d08f2027fa0e7", size = 10494875, upload-time = "2026-03-09T07:58:08.734Z" },
    { url = "https://files.pythonhosted.org/packages/e6/ef/b7c35e4d5ef141b836658ab21a66d1a573e15b335b1d111d31f26c8ef80f/numpy-2.4.3-cp314-cp314t-macosx_11_0_arm64.whl", hash = "sha256:0a195f4216be9305a73c0e91c9b026a35f2161237cf1c6de9b681637772ea657", size = 14822225, upload-time = "2026-03-09T07:58:11.034Z" },
    { url = "https://files.pythonhosted.org/packages/cd/8d/7730fa9278cf6648639946cc816e7cc89f0d891602584697923375f801ed/numpy-2.4.3-cp314-cp314t-macosx_14_0_arm64.whl", hash = "sha256:cd32fbacb9fd1bf041bf8e89e4576b6f00b895f06d00914820ae06a616bdfef7", size = 5328769, upload-time = "2026-03-09T07:58:13.67Z" },
    { url = "https://files.pythonhosted.org/packages/47/01/d2a137317c958b074d338807c1b6a383406cdf8b8e53b075d804cc3d211d/numpy-2.4.3-cp314-cp314t-macosx_14_0_x86_64.whl", hash = "sha256:2e03c05abaee1f672e9d67bc858f300b5ccba1c21397211e8d77d98350972093", size = 6649461, upload-time = "2026-03-09T07:58:15.912Z" },
    { url = "https://files.pythonhosted.org/packages/5c/34/812ce12bc0f00272a4b0ec0d713cd237cb390666eb6206323d1cc9cedbb2/numpy-2.4.3-cp314-cp314t-manylinux_2_27_aarch64.manylinux_2_28_aarch64.whl", hash = "sha256:7d1ce23cce91fcea443320a9d0ece9b9305d4368875bab09538f7a5b4131938a", size = 15725809, upload-time = "2026-03-09T07:58:17.787Z" },
    { url = "https://files.pythonhosted.org/packages/25/c0/2aed473a4823e905e765fee3dc2cbf504bd3e68ccb1150fbdabd5c39f527/numpy-2.4.3-cp314-cp314t-manylinux_2_27_x86_64.manylinux_2_28_x86_64.whl", hash = "sha256:c59020932feb24ed49ffd03704fbab89f22aa9c0d4b180ff45542fe8918f5611", size = 16655242, upload-time = "2026-03-09T07:58:20.476Z" },
    { url = "https://files.pythonhosted.org/packages/f2/c8/7e052b2fc87aa0e86de23f20e2c42bd261c624748aa8efd2c78f7bb8d8c6/numpy-2.4.3-cp314-cp314t-musllinux_1_2_aarch64.whl", hash = "sha256:9684823a78a6cd6ad7511fc5e25b07947d1d5b5e2812c93fe99d7d4195130720", size = 17080660, upload-time = "2026-03-09T07:58:23.067Z" },
    { url = "https://files.pythonhosted.org/packages/f3/3d/0876746044db2adcb11549f214d104f2e1be00f07a67edbb4e2812094847/numpy-2.4.3-cp314-cp314t-musllinux_1_2_x86_64.whl", hash = "sha256:0200b25c687033316fb39f0ff4e3e690e8957a2c3c8d22499891ec58c37a3eb5", size = 18380384, upload-time = "2026-03-09T07:58:25.839Z" },
    { url = "https://files.pythonhosted.org/packages/07/12/8160bea39da3335737b10308df4f484235fd297f556745f13092aa039d3b/numpy-2.4.3-cp314-cp314t-win32.whl", hash = "sha256:5e10da9e93247e554bb1d22f8edc51847ddd7dde52d85ce31024c1b4312bfba0", size = 6154547, upload-time = "2026-03-09T07:58:28.289Z" },
    { url = "https://files.pythonhosted.org/packages/42/f3/76534f61f80d74cc9cdf2e570d3d4eeb92c2280a27c39b0aaf471eda7b48/numpy-2.4.3-cp314-cp314t-win_amd64.whl", hash = "sha256:45f003dbdffb997a03da2d1d0cb41fbd24a87507fb41605c0420a3db5bd4667b", size = 12633645, upload-time = "2026-03-09T07:58:30.384Z" },
    { url = "https://files.pythonhosted.org/packages/1f/b6/7c0d4334c15983cec7f92a69e8ce9b1e6f31857e5ee3a413ac424e6bd63d/numpy-2.4.3-cp314-cp314t-win_arm64.whl", hash = "sha256:4d382735cecd7bcf090172489a525cd7d4087bc331f7df9f60ddc9a296cf208e", size = 10565454, upload-time = "2026-03-09T07:58:33.031Z" },
    { url = "https://files.pythonhosted.org/packages/64/e4/4dab9fb43c83719c29241c535d9e07be73bea4bc0c6686c5816d8e1b6689/numpy-2.4.3-pp311-pypy311_pp73-macosx_10_15_x86_64.whl", hash = "sha256:c6b124bfcafb9e8d3ed09130dbee44848c20b3e758b6bbf006e641778927c028", size = 16834892, upload-time = "2026-03-09T07:58:35.334Z" },
    { url = "https://files.pythonhosted.org/packages/c9/29/f8b6d4af90fed3dfda84ebc0df06c9833d38880c79ce954e5b661758aa31/numpy-2.4.3-pp311-pypy311_pp73-macosx_11_0_arm64.whl", hash = "sha256:76dbb9d4e43c16cf9aa711fcd8de1e2eeb27539dcefb60a1d5e9f12fae1d1ed8", size = 14893070, upload-time = "2026-03-09T07:58:37.7Z" },
    { url = "https://files.pythonhosted.org/packages/9a/04/a19b3c91dbec0a49269407f15d5753673a09832daed40c45e8150e6fa558/numpy-2.4.3-pp311-pypy311_pp73-macosx_14_0_arm64.whl", hash = "sha256:29363fbfa6f8ee855d7569c96ce524845e3d726d6c19b29eceec7dd555dab152", size = 5399609, upload-time = "2026-03-09T07:58:39.853Z" },
    { url = "https://files.pythonhosted.org/packages/79/34/4d73603f5420eab89ea8a67097b31364bf7c30f811d4dd84b1659c7476d9/numpy-2.4.3-pp311-pypy311_pp73-macosx_14_0_x86_64.whl", hash = "sha256:bc71942c789ef415a37f0d4eab90341425a00d538cd0642445d30b41023d3395", size = 6714355, upload-time = "2026-03-09T07:58:42.365Z" },
    { url = "https://files.pythonhosted.org/packages/58/ad/1100d7229bb248394939a12a8074d485b655e8ed44207d328fdd7fcebc7b/numpy-2.4.3-pp311-pypy311_pp73-manylinux_2_27_aarch64.manylinux_2_28_aarch64.whl", hash = "sha256:7e58765ad74dcebd3ef0208a5078fba32dc8ec3578fe84a604432950cd043d79", size = 15800434, upload-time = "2026-03-09T07:58:44.837Z" },
    { url = "https://files.pythonhosted.org/packages/0c/fd/16d710c085d28ba4feaf29ac60c936c9d662e390344f94a6beaa2ac9899b/numpy-2.4.3-pp311-pypy311_pp73-manylinux_2_27_x86_64.manylinux_2_28_x86_64.whl", hash = "sha256:8e236dbda4e1d319d681afcbb136c0c4a8e0f1a5c58ceec2adebb547357fe857", size = 16729409, upload-time = "2026-03-09T07:58:47.972Z" },
    { url = "https://files.pythonhosted.org/packages/57/a7/b35835e278c18b85206834b3aa3abe68e77a98769c59233d1f6300284781/numpy-2.4.3-pp311-pypy311_pp73-win_amd64.whl", hash = "sha256:4b42639cdde6d24e732ff823a3fa5b701d8acad89c4142bc1d0bd6dc85200ba5", size = 12504685, upload-time = "2026-03-09T07:58:50.525Z" },
]

[[package]]
name = "pybind11"
version = "3.0.2"
source = { registry = "https://pypi.org/simple" }
sdist = { url = "https://files.pythonhosted.org/packages/a5/98/9118a0659646f1628c592ef9bb48e0056efa6bf27c951fd12a178e0136fb/pybind11-3.0.2.tar.gz", hash = "sha256:432f01aeb68e361a3a7fc7575c2c7f497595bf640f747acd909ff238dd766e06", size = 577131, upload-time = "2026-02-17T04:46:52.556Z" }
wheels = [
    { url = "https://files.pythonhosted.org/packages/88/c5/e98d9c51f3d5300d5e40ad9037dd6b3b60736fd02ab68dcc98c96be7592d/pybind11-3.0.2-py3-none-any.whl", hash = "sha256:f8a6500548919cc33bcd220d5f984688326f574fa97f1107f2f4fdb4c6fb019f", size = 310158, upload-time = "2026-02-17T04:46:49.91Z" },
]

[[package]]
name = "skia-python"
version = "144.0.post2"
source = { registry = "https://pypi.org/simple" }
dependencies = [
    { name = "numpy" },
    { name = "pybind11" },
]
wheels = [
    { url = "https://files.pythonhosted.org/packages/48/6b/25b124ac4063b9fda9a3804c8af15daf04fcb2e95754982c6cb28837351f/skia_python-144.0.post2-cp311-cp311-macosx_11_0_arm64.whl", hash = "sha256:7408129bf595645f5d895ed6459248611c4931f41417c4f487c34728cefcdf34", size = 11990736, upload-time = "2026-03-19T22:21:07.738Z" },
    { url = "https://files.pythonhosted.org/packages/e7/7e/06006b5c66517a46ce72a50bcb555e97f0268ee90669000a4618f1791042/skia_python-144.0.post2-cp311-cp311-macosx_11_0_x86_64.whl", hash = "sha256:9aab2147c7160b3c6a367752795a0f53aba9ea7d4361d4406731984915b42208", size = 12150303, upload-time = "2026-03-19T22:21:09.719Z" },
    { url = "https://files.pythonhosted.org/packages/3f/10/357553e894e3ca50638c04ca11b47c5c9fc6ef1228a04c227be58c2747ea/skia_python-144.0.post2-cp311-cp311-manylinux_2_28_aarch64.whl", hash = "sha256:f8153c29d0b7900abee770f18534763da925ad792a426404a5cce5f57c8c0d7f", size = 13920912, upload-time = "2026-03-19T22:21:11.766Z" },
    { url = "https://files.pythonhosted.org/packages/fa/23/4bf709dc988dd236280ed3a9723f55582a149592f3143fad31a96ea61a4b/skia_python-144.0.post2-cp311-cp311-manylinux_2_28_x86_64.whl", hash = "sha256:81b2bfad60346e05fb457acab5af64274368338c2984099dfd386be54d563279", size = 14367703, upload-time = "2026-03-19T22:21:13.929Z" },
    { url = "https://files.pythonhosted.org/packages/a0/9b/7c8274d55cc7eb4c3bab17e490b854b2bc636cd8312e2221750da3c2ef35/skia_python-144.0.post2-cp311-cp311-win_amd64.whl", hash = "sha256:e95ab76b3e1859e3dd5402e5ccba1c1a539c5d37a082a3a62e16261a4bebc3f6", size = 10892933, upload-time = "2026-03-19T22:21:16.277Z" },
    { url = "https://files.pythonhosted.org/packages/bf/b7/4bab30682fd0f29ba220d436992feb284a3f7adca3e0d749b52231d4f92a/skia_python-144.0.post2-cp311-cp311-win_arm64.whl", hash = "sha256:4e343de1e87d1d28f791243377078fa4e0a40274352fc1b59c8e96c620c92183", size = 10460675, upload-time = "2026-03-19T22:21:18.231Z" },
    { url = "https://files.pythonhosted.org/packages/64/e8/3e8316416a302d38a5e95560383c5a1769f59f943b3685fdceb4ab42445a/skia_python-144.0.post2-cp312-cp312-macosx_11_0_arm64.whl", hash = "sha256:d8bf9a203448a98324c108bbbfa3a9f94ff8514212ae832a81d2b60a5a7dbbfe", size = 12090279, upload-time = "2026-03-19T22:21:20.216Z" },
    { url = "https://files.pythonhosted.org/packages/75/76/b434c18948051ce4a71760115bbdfe81ebba690834fcd830a9e14c9955af/skia_python-144.0.post2-cp312-cp312-macosx_11_0_x86_64.whl", hash = "sha256:a4df01d2fc7733748f81acf2d0ace313f6b400d92e5e599d7eb2386a205c501c", size = 12196828, upload-time = "2026-03-19T22:21:22.472Z" },
    { url = "https://files.pythonhosted.org/packages/14/fa/f60ace54c44ce622a3727df2df5a3a16a07046daa74e2a52bc8bb6755ab5/skia_python-144.0.post2-cp312-cp312-manylinux_2_28_aarch64.whl", hash = "sha256:2dc7a62b4e7f9e03c77ac7daefaa96184e505038a99a7461499519642a5297fa", size = 13925370, upload-time = "2026-03-19T22:21:24.722Z" },
    { url = "https://files.pythonhosted.org/packages/c6/d0/c223526c203fbebcf401c7ddff3736aa03223c22d140671ddb535805d382/skia_python-144.0.post2-cp312-cp312-manylinux_2_28_x86_64.whl", hash = "sha256:970404599aa6f6dc19e2ae36ab0a0aabdf14410d1e1974f5deabae9fc9c1b193", size = 14388831, upload-time = "2026-03-19T22:21:26.952Z" },
    { url = "https://files.pythonhosted.org/packages/d1/e9/fdd00636f4efc89b4daa28a7e7a2e2d52fc4e6e1b1f93c790eaceeb94b81/skia_python-144.0.post2-cp312-cp312-win_amd64.whl", hash = "sha256:2268d85e19dd22181fb780cfc59bfe1df33c9cad9ba0df4bf15ff8ee8b6430e5", size = 10883210, upload-time = "2026-03-19T22:21:29.286Z" },
    { url = "https://files.pythonhosted.org/packages/da/35/78c97fcba0bfc0cfcb078baaed416780ce8fe45132ebb279903d3025c490/skia_python-144.0.post2-cp312-cp312-win_arm64.whl", hash = "sha256:b3cd83eab87def5475a46a19c130f595f69877bedc291fcc84db2af562480782", size = 10470024, upload-time = "2026-03-19T22:21:31.417Z" },
    { url = "https://files.pythonhosted.org/packages/5c/b9/52ee5d2acd637d448f4276778ae2395c784da86163583ea1086afe02b620/skia_python-144.0.post2-cp313-cp313-macosx_11_0_arm64.whl", hash = "sha256:ebdaa28e20c5200a974d12d9ad5fa70597512c171431cfb1cec04b3c2ead9db4", size = 12089934, upload-time = "2026-03-19T22:21:33.556Z" },
    { url = "https://files.pythonhosted.org/packages/79/1d/dcf61033e46ec7748eb7a3bd25b727a01b627981d9a743f5bf1e68d04f42/skia_python-144.0.post2-cp313-cp313-macosx_11_0_x86_64.whl", hash = "sha256:9bdcbd8272755a03b2dd85ae7e56cdc0e1f95618a1e985bc8a87ad5ad5be47ce", size = 12197351, upload-time = "2026-03-19T22:21:35.866Z" },
    { url = "https://files.pythonhosted.org/packages/cd/be/e42aa62b9f9c94b9c9ed34f5cffc85cbd9cbc8d08327c8499ccc19a3e7d2/skia_python-144.0.post2-cp313-cp313-manylinux_2_28_aarch64.whl", hash = "sha256:559bd25feec895c0af214caf311ffec098004438c668183a9277eab518d08c3f", size = 13925039, upload-time = "2026-03-19T22:21:38.041Z" },
    { url = "https://files.pythonhosted.org/packages/cb/ea/6d5db07d00d8381a686efff218324c767b31834d0b90dac6c1039afb15ea/skia_python-144.0.post2-cp313-cp313-manylinux_2_28_x86_64.whl", hash = "sha256:0922676ec89fc88b04fe891edf59166b32f905979dbd4489608bc4bd8d7d12d4", size = 14389390, upload-time = "2026-03-19T22:21:40.67Z" },
    { url = "https://files.pythonhosted.org/packages/40/6e/0bcbec5e32d30e55396f02f19e5342e9d039996b99438b5ce4d3d8d89c2e/skia_python-144.0.post2-cp313-cp313-win_amd64.whl", hash = "sha256:eb2a31e2eee1f8f8626d20cff7fc4655495b4a05e30e8803454e4f7de4ef89eb", size = 10883475, upload-time = "2026-03-19T22:21:43.393Z" },
    { url = "https://files.pythonhosted.org/packages/7a/3b/0e2e2ed23888f82f3ecd1243ab98eb58cadc7706678d5a173d95d7f77efc/skia_python-144.0.post2-cp313-cp313-win_arm64.whl", hash = "sha256:146fdd31ff0c030c18b9f17dc8e65a58f8821ed774151ec1499d9f0587d63ca5", size = 10469471, upload-time = "2026-03-19T22:21:45.966Z" },
    { url = "https://files.pythonhosted.org/packages/fa/ee/5521e4f3c21e0a3629d7c889f75ccdc5083e6a92ff6eeab1494a14bd88f2/skia_python-144.0.post2-cp314-cp314-macosx_11_0_arm64.whl", hash = "sha256:904020d6e1aa144e0d1cede5e25b5285d01183ab05e714a6143ac64792772c5b", size = 12025810, upload-time = "2026-03-19T22:21:47.959Z" },
    { url = "https://files.pythonhosted.org/packages/77/18/e83f7a7e93ed6f24617fcbd8c867dc6746b800e3cdf84f0a735ca015ef2f/skia_python-144.0.post2-cp314-cp314-macosx_11_0_x86_64.whl", hash = "sha256:23a736a877d65e4199680ca2a5a58d8df2e0e4362793d8b03a5d90536f39ccf8", size = 12205269, upload-time = "2026-03-19T22:21:49.975Z" },
    { url = "https://files.pythonhosted.org/packages/7d/34/31cfc614c84b2dea5f4c25e5ee834e1375002d331a564926a11d90bb489e/skia_python-144.0.post2-cp314-cp314-manylinux_2_28_aarch64.whl", hash = "sha256:f2520b34106d3d0d275191c8913ab861372b8bced689cedebbee2df2ff49905c", size = 13937050, upload-time = "2026-03-19T22:21:52.226Z" },
    { url = "https://files.pythonhosted.org/packages/8c/c9/6dc194a1387002da0b0492ed75ea61cdf94b177b7fc49e0d8f00e72335a2/skia_python-144.0.post2-cp314-cp314-manylinux_2_28_x86_64.whl", hash = "sha256:2d97991ecd1fc22606e7e6aa4ab1f1951c9c9b7409f39da346e1788eabc44d7e", size = 14391905, upload-time = "2026-03-19T22:21:54.406Z" },
    { url = "https://files.pythonhosted.org/packages/c8/cf/1b9775332ef12d9778057d9547a41c82d9684b1152d857edb3a22580700a/skia_python-144.0.post2-cp314-cp314-win_amd64.whl", hash = "sha256:44df4ccc65ea8c288a43694ec25cdbd13e18013b48425ff822ad2de09c168a4d", size = 11260774, upload-time = "2026-03-19T22:21:57.327Z" },
    { url = "https://files.pythonhosted.org/packages/67/da/fcf8d9dc87740c5b2e2588721717f64d5abc666993b992223b16f34161ba/skia_python-144.0.post2-cp314-cp314-win_arm64.whl", hash = "sha256:de848e3f384a70251b02fad5a31f64c9ef72866d0cbd3728ef97aa355ee01a1d", size = 10840101, upload-time = "2026-03-19T22:21:59.489Z" },
    { url = "https://files.pythonhosted.org/packages/cd/05/449b2bdbae3835c30585857975a684c709110b29ff49c4021dc4dce2da46/skia_python-144.0.post2-cp314-cp314t-macosx_11_0_arm64.whl", hash = "sha256:c24a6b67c912ca49582bf66d73e325ec0a4085e70e4c659c72146fa1d3be48be", size = 12289885, upload-time = "2026-03-19T22:22:01.415Z" },
    { url = "https://files.pythonhosted.org/packages/3f/26/0d42a3992bea0c8b0cde4047ac05c03b87d50777826d277931fe5341ce16/skia_python-144.0.post2-cp314-cp314t-macosx_11_0_x86_64.whl", hash = "sha256:08523720c5bd3b36ba0e36dee14f4a7911c23256a527ad3b73e1521813bc649d", size = 12348560, upload-time = "2026-03-19T22:22:03.68Z" },
    { url = "https://files.pythonhosted.org/packages/56/ab/f7e1f107f99db0fb88f621a1607f5ae65cd9e81cffcdd2246d76dfad3ec5/skia_python-144.0.post2-cp314-cp314t-manylinux_2_28_aarch64.whl", hash = "sha256:76281944d4db84b9e9968224462ccc5714810d3e29e5555486c73be515408602", size = 13929098, upload-time = "2026-03-19T22:22:06.02Z" },
    { url = "https://files.pythonhosted.org/packages/30/63/966d2237d113155adce1f2c53acb21e136826086aa1acdb9d30d1245eeb0/skia_python-144.0.post2-cp314-cp314t-manylinux_2_28_x86_64.whl", hash = "sha256:416cf18cfba129967cc21aeb7eaa934c413e5dc977f753e5e1ffa27546d21e14", size = 14391812, upload-time = "2026-03-19T22:22:08.382Z" },
    { url = "https://files.pythonhosted.org/packages/72/0d/c89d170436881da8a36df78e37a99d73c72b47ac4331a37a5a4e1ac919b7/skia_python-144.0.post2-cp314-cp314t-win_amd64.whl", hash = "sha256:df7fc6d3b713debf8b099d7a1e9888d855ea898f9f02bac3bf0ed73c0a184473", size = 11531971, upload-time = "2026-03-19T22:22:10.564Z" },
    { url = "https://files.pythonhosted.org/packages/08/5d/97ad2d5379feb5cda6b4040b6b8f5a3bd18d01eaad1bb24478fea2bf704b/skia_python-144.0.post2-cp314-cp314t-win_arm64.whl", hash = "sha256:214644901fa5ad77edd82ca3b2c4fb6106196d0e323d5cae982cc5fe0a05b6a6", size = 10931677, upload-time = "2026-03-19T22:22:12.806Z" },
]

[[package]]
name = "sksl-glsl-transpiler"
version = "0.1.0"
source = { virtual = "." }
dependencies = [
    { name = "skia-python" },
]

[package.metadata]
requires-dist = [{ name = "skia-python" }]
